Microsoft Visual Studio Solution File, Format Version 12.00
# Visual Studio Version 17
VisualStudioVersion = 17.0.31903.59
MinimumVisualStudioVersion = 10.0.40219.1
Project("{FAE04EC0-301F-11D3-BF4B-00C04F79EFBC}") = "KncWX2Server.Protocol", "Protocol\KncWX2Server.Protocol.csproj", "{D9C1A8D0-0F8C-4F10-8B3B-6D1A8C4B0001}"
EndProject
Project("{FAE04EC0-301F-11D3-BF4B-00C04F79EFBC}") = "KncWX2Server.Common", "Common\KncWX2Server.Common.csproj", "{D9C1A8D0-0F8C-4F10-8B3B-6D1A8C4B0002}"
EndProject
Project("{FAE04EC0-301F-11D3-BF4B-00C04F79EFBC}") = "KncWX2Server.ServerHost", "ServerHost\KncWX2Server.ServerHost.csproj", "{D9C1A8D0-0F8C-4F10-8B3B-6D1A8C4B0003}"
EndProject
Project("{FAE04EC0-301F-11D3-BF4B-00C04F79EFBC}") = "KncWX2Server.Protocol.Tests", "Protocol.Tests\KncWX2Server.Protocol.Tests.csproj", "{D9C1A8D0-0F8C-4F10-8B3B-6D1A8C4B0004}"
EndProject
Project("{FAE04EC0-301F-11D3-BF4B-00C04F79EFBC}") = "KncWX2Server.Runtime", "Runtime\KncWX2Server.Runtime.csproj", "{D9C1A8D0-0F8C-4F10-8B3B-6D1A8C4B0005}"
EndProject
Global
	GlobalSection(SolutionConfigurationPlatforms) = preSolution
		Debug|Any CPU = Debug|Any CPU
		Release|Any CPU = Release|Any CPU
	EndGlobalSection
	GlobalSection(ProjectConfigurationPlatforms) = postSolution
		{D9C1A8D0-0F8C-4F10-8B3B-6D1A8C4B0001}.Debug|Any CPU.ActiveCfg = Debug|Any CPU
		{D9C1A8D0-0F8C-4F10-8B3B-6D1A8C4B0001}.Debug|Any CPU.Build.0 = Debug|Any CPU
		{D9C1A8D0-0F8C-4F10-8B3B-6D1A8C4B0001}.Release|Any CPU.ActiveCfg = Release|Any CPU
		{D9C1A8D0-0F8C-4F10-8B3B-6D1A8C4B0001}.Release|Any CPU.Build.0 = Release|Any CPU
		{D9C1A8D0-0F8C-4F10-8B3B-6D1A8C4B0002}.Debug|Any CPU.ActiveCfg = Debug|Any CPU
		{D9C1A8D0-0F8C-4F10-8B3B-6D1A8C4B0002}.Debug|Any CPU.Build.0 = Debug|Any CPU
		{D9C1A8D0-0F8C-4F10-8B3B-6D1A8C4B0002}.Release|Any CPU.ActiveCfg = Release|Any CPU
		{D9C1A8D0-0F8C-4F10-8B3B-6D1A8C4B0002}.Release|Any CPU.Build.0 = Release|Any CPU
		{D9C1A8D0-0F8C-4F10-8B3B-6D1A8C4B0002}.Release|Any CPU.Build.0 = Release|Any CPU
		{D9C1A8D0-0F8C-4F10-8B3B-6D1A8C4B0003}.Debug|Any CPU.ActiveCfg = Debug|Any CPU
		{D9C1A8D0-0F8C-4F10-8B3B-6D1A8C4B0003}.Debug|Any CPU.Build.0 = Debug|Any CPU
		{D9C1A8D0-0F8C-4F10-8B3B-6D1A8C4B0003}.Release|Any CPU.ActiveCfg = Release|Any CPU
		{D9C1A8D0-0F8C-4F10-8B3B-6D1A8C4B0003}.Release|Any CPU.Build.0 = Release|Any CPU
		{D9C1A8D0-0F8C-4F10-8B3B-6D1A8C4B0004}.Debug|Any CPU.ActiveCfg = Debug|Any CPU
		{D9C1A8D0-0F8C-4F10-8B3B-6D1A8C4B0004}.Debug|Any CPU.Build.0 = Debug|Any CPU
		{D9C1A8D0-0F8C-4F10-8B3B-6D1A8C4B0004}.Release|Any CPU.ActiveCfg = Release|Any CPU
		{D9C1A8D0-0F8C-4F10-8B3B-6D1A8C4B0004}.Release|Any CPU.Build.0 = Release|Any CPU
		{D9C1A8D0-0F8C-4F10-8B3B-6D1A8C4B0005}.Debug|Any CPU.ActiveCfg = Debug|Any CPU
		{D9C1A8D0-0F8C-4F10-8B3B-6D1A8C4B0005}.Debug|Any CPU.Build.0 = Debug|Any CPU
		{D9C1A8D0-0F8C-4F10-8B3B-6D1A8C4B0005}.Debug|Any CPU.Build.0 = Debug|Any CPU
		{D9C1A8D0-0F8C-4F10-8B3B-6D1A8C4B0005}.Release|Any CPU.ActiveCfg = Release|Any CPU
		{D9C1A8D0-0F8C-4F10-8B3B-6D1A8C4B0005}.Release|Any CPU.Build.0 = Release|Any CPU
	EndGlobalSection
EndGlobal
